// !$*UTF8*$!
{
	archiveVersion = 1;
	classes = {
	};
	objectVersion = 77;
	objects = {

/* Begin PBXContainerItemProxy section */
		D5EA7D9E2CFE8CCA003465CE /* PBXContainerItemProxy */ = {
			isa = PBXContainerItemProxy;
			containerPortal = D5EA7D852CFE8CC9003465CE /* Project object */;
			proxyType = 1;
			remoteGlobalIDString = D5EA7D8C2CFE8CC9003465CE;
			remoteInfo = DecodeThing;
		};
		D5EA7DA82CFE8CCA003465CE /* PBXContainerItemProxy */ = {
			isa = PBXContainerItemProxy;
			containerPortal = D5EA7D852CFE8CC9003465CE /* Project object */;
			proxyType = 1;
			remoteGlobalIDString = D5EA7D8C2CFE8CC9003465CE;
			remoteInfo = DecodeThing;
		};
/* End PBXContainerItemProxy section */

/* Begin PBXFileReference section */
		D5EA7D8D2CFE8CC9003465CE /* DecoderThing.app */ = {isa = PBXFileReference; explicitFileType = wrapper.application; includeInIndex = 0; path = DecoderThing.app; sourceTree = BUILT_PRODUCTS_DIR; };
		D5EA7D9D2CFE8CCA003465CE /* DecoderThingTests.xctest */ = {isa = PBXFileReference; explicitFileType = wrapper.cfbundle; includeInIndex = 0; path = DecoderThingTests.xctest; sourceTree = BUILT_PRODUCTS_DIR; };
		D5EA7DA72CFE8CCA003465CE /* DecoderThingUITests.xctest */ = {isa = PBXFileReference; explicitFileType = wrapper.cfbundle; includeInIndex = 0; path = DecoderThingUITests.xctest; sourceTree = BUILT_PRODUCTS_DIR; };
/* End PBXFileReference section */

/* Begin PBXFileSystemSynchronizedRootGroup section */
		D5EA7D8F2CFE8CC9003465CE /* DecoderThing */ = {
			isa = PBXFileSystemSynchronizedRootGroup;
			path = DecoderThing;
			sourceTree = "<group>";
		};
		D5EA7DA02CFE8CCA003465CE /* DecoderThingTests */ = {
			isa = PBXFileSystemSynchronizedRootGroup;
			path = DecoderThingTests;
			sourceTree = "<group>";
		};
		D5EA7DAA2CFE8CCA003465CE /* DecoderThingUITests */ = {
			isa = PBXFileSystemSynchronizedRootGroup;
			path = DecoderThingUITests;
			sourceTree = "<group>";
		};
/* End PBXFileSystemSynchronizedRootGroup section */

/* Begin PBXFrameworksBuildPhase section */
		D5EA7D8A2CFE8CC9003465CE /* Frameworks */ = {
			isa = PBXFrameworksBuildPhase;
			buildActionMask = 2147483647;
			files = (
			);
			runOnlyForDeploymentPostprocessing = 0;
		};
		D5EA7D9A2CFE8CCA003465CE /* Frameworks */ = {
			isa = PBXFrameworksBuildPhase;
			buildActionMask = 2147483647;
			files = (
			);
			runOnlyForDeploymentPostprocessing = 0;
		};
		D5EA7DA42CFE8CCA003465CE /* Frameworks */ = {
			isa = PBXFrameworksBuildPhase;
			buildActionMask = 2147483647;
			files = (
			);
			runOnlyForDeploymentPostprocessing = 0;
		};
/* End PBXFrameworksBuildPhase section */

/* Begin PBXGroup section */
		D5EA7D842CFE8CC9003465CE = {
			isa = PBXGroup;
			children = (
				D5EA7D8F2CFE8CC9003465CE /* DecoderThing */,
				D5EA7DA02CFE8CCA003465CE /* DecoderThingTests */,
				D5EA7DAA2CFE8CCA003465CE /* DecoderThingUITests */,
				D5EA7D8E2CFE8CC9003465CE /* Products */,
			);
			sourceTree = "<group>";
		};
		D5EA7D8E2CFE8CC9003465CE /* Products */ = {
			isa = PBXGroup;
			children = (
				D5EA7D8D2CFE8CC9003465CE /* DecoderThing.app */,
				D5EA7D9D2CFE8CCA003465CE /* DecoderThingTests.xctest */,
				D5EA7DA72CFE8CCA003465CE /* DecoderThingUITests.xctest */,
			);
			name = Products;
			sourceTree = "<group>";
		};
/* End PBXGroup section */

/* Begin PBXNativeTarget section */
		D5EA7D8C2CFE8CC9003465CE /* DecoderThing */ = {
			isa = PBXNativeTarget;
			buildConfigurationList = D5EA7DB12CFE8CCA003465CE /* Build configuration list for PBXNativeTarget "DecoderThing" */;
			buildPhases = (
				D5EA7D892CFE8CC9003465CE /* Sources */,
				D5EA7D8A2CFE8CC9003465CE /* Frameworks */,
				D5EA7D8B2CFE8CC9003465CE /* Resources */,
			);
			buildRules = (
			);
			dependencies = (
			);
			fileSystemSynchronizedGroups = (
				D5EA7D8F2CFE8CC9003465CE /* DecoderThing */,
			);
			name = DecoderThing;
			packageProductDependencies = (
			);
			productName = DecodeThing;
			productReference = D5EA7D8D2CFE8CC9003465CE /* DecoderThing.app */;
			productType = "com.apple.product-type.application";
		};
		D5EA7D9C2CFE8CCA003465CE /* DecoderThingTests */ = {
			isa = PBXNativeTarget;
			buildConfigurationList = D5EA7DB42CFE8CCA003465CE /* Build configuration list for PBXNativeTarget "DecoderThingTests" */;
			buildPhases = (
				D5EA7D992CFE8CCA003465CE /* Sources */,
				D5EA7D9A2CFE8CCA003465CE /* Frameworks */,
				D5EA7D9B2CFE8CCA003465CE /* Resources */,
			);
			buildRules = (
			);
			dependencies = (
				D5EA7D9F2CFE8CCA003465CE /* PBXTargetDependency */,
			);
			fileSystemSynchronizedGroups = (
				D5EA7DA02CFE8CCA003465CE /* DecoderThingTests */,
			);
			name = DecoderThingTests;
			packageProductDependencies = (
			);
			productName = DecodeThingTests;
			productReference = D5EA7D9D2CFE8CCA003465CE /* DecoderThingTests.xctest */;
			productType = "com.apple.product-type.bundle.unit-test";
		};
		D5EA7DA62CFE8CCA003465CE /* DecoderThingUITests */ = {
			isa = PBXNativeTarget;
			buildConfigurationList = D5EA7DB72CFE8CCA003465CE /* Build configuration list for PBXNativeTarget "DecoderThingUITests" */;
			buildPhases = (
				D5EA7DA32CFE8CCA003465CE /* Sources */,
				D5EA7DA42CFE8CCA003465CE /* Frameworks */,
				D5EA7DA52CFE8CCA003465CE /* Resources */,
			);
			buildRules = (
			);
			dependencies = (
				D5EA7DA92CFE8CCA003465CE /* PBXTargetDependency */,
			);
			fileSystemSynchronizedGroups = (
				D5EA7DAA2CFE8CCA003465CE /* DecoderThingUITests */,
			);
			name = DecoderThingUITests;
			packageProductDependencies = (
			);
			productName = DecodeThingUITests;
			productReference = D5EA7DA72CFE8CCA003465CE /* DecoderThingUITests.xctest */;
			productType = "com.apple.product-type.bundle.ui-testing";
		};
/* End PBXNativeTarget section */

/* Begin PBXProject section */
		D5EA7D852CFE8CC9003465CE /* Project object */ = {
			isa = PBXProject;
			attributes = {
				BuildIndependentTargetsInParallel = 1;
				LastSwiftUpdateCheck = 1610;
				LastUpgradeCheck = 1610;
				TargetAttributes = {
					D5EA7D8C2CFE8CC9003465CE = {
						CreatedOnToolsVersion = 16.1;
					};
					D5EA7D9C2CFE8CCA003465CE = {
						CreatedOnToolsVersion = 16.1;
						TestTargetID = D5EA7D8C2CFE8CC9003465CE;
					};
					D5EA7DA62CFE8CCA003465CE = {
						CreatedOnToolsVersion = 16.1;
						TestTargetID = D5EA7D8C2CFE8CC9003465CE;
					};
				};
			};
			buildConfigurationList = D5EA7D882CFE8CC9003465CE /* Build configuration list for PBXProject "DecoderThing" */;
			developmentRegion = en;
			hasScannedForEncodings = 0;
			knownRegions = (
				en,
				Base,
			);
			mainGroup = D5EA7D842CFE8CC9003465CE;
			minimizedProjectReferenceProxies = 1;
			preferredProjectObjectVersion = 77;
			productRefGroup = D5EA7D8E2CFE8CC9003465CE /* Products */;
			projectDirPath = "";
			projectRoot = "";
			targets = (
				D5EA7D8C2CFE8CC9003465CE /* DecoderThing */,
				D5EA7D9C2CFE8CCA003465CE /* DecoderThingTests */,
				D5EA7DA62CFE8CCA003465CE /* DecoderThingUITests */,
			);
		};
/* End PBXProject section */

/* Begin PBXResourcesBuildPhase section */
		D5EA7D8B2CFE8CC9003465CE /* Resources */ = {
			isa = PBXResourcesBuildPhase;
			buildActionMask = 2147483647;
			files = (
			);
			runOnlyForDeploymentPostprocessing = 0;
		};
		D5EA7D9B2CFE8CCA003465CE /* Resources */ = {
			isa = PBXResourcesBuildPhase;
			buildActionMask = 2147483647;
			files = (
			);
			runOnlyForDeploymentPostprocessing = 0;
		};
		D5EA7DA52CFE8CCA003465CE /* Resources */ = {
			isa = PBXResourcesBuildPhase;
			buildActionMask = 2147483647;
			files = (
			);
			runOnlyForDeploymentPostprocessing = 0;
		};
/* End PBXResourcesBuildPhase section */

/* Begin PBXSourcesBuildPhase section */
		D5EA7D892CFE8CC9003465CE /* Sources */ = {
			isa = PBXSourcesBuildPhase;
			buildActionMask = 2147483647;
			files = (
			);
			runOnlyForDeploymentPostprocessing = 0;
		};
		D5EA7D992CFE8CCA003465CE /* Sources */ = {
			isa = PBXSourcesBuildPhase;
			buildActionMask = 2147483647;
			files = (
			);
			runOnlyForDeploymentPostprocessing = 0;
		};
		D5EA7DA32CFE8CCA003465CE /* Sources */ = {
			isa = PBXSourcesBuildPhase;
			buildActionMask = 2147483647;
			files = (
			);
			runOnlyForDeploymentPostprocessing = 0;
		};
/* End PBXSourcesBuildPhase section */

/* Begin PBXTargetDependency section */
		D5EA7D9F2CFE8CCA003465CE /* PBXTargetDependency */ = {
			isa = PBXTargetDependency;
			target = D5EA7D8C2CFE8CC9003465CE /* DecoderThing */;
			targetProxy = D5EA7D9E2CFE8CCA003465CE /* PBXContainerItemProxy */;
		};
		D5EA7DA92CFE8CCA003465CE /* PBXTargetDependency */ = {
			isa = PBXTargetDependency;
			target = D5EA7D8C2CFE8CC9003465CE /* DecoderThing */;
			targetProxy = D5EA7DA82CFE8CCA003465CE /* PBXContainerItemProxy */;
		};
/* End PBXTargetDependency section */

/* Begin XCBuildConfiguration section */
		D5EA7DAF2CFE8CCA003465CE /* Debug */ = {
			isa = XCBuildConfiguration;
			buildSettings = {
				ALWAYS_SEARCH_USER_PATHS = NO;
				ASSETCATALOG_COMPILER_GENERATE_SWIFT_ASSET_SYMBOL_EXTENSIONS = YES;
				CLANG_ANALYZER_NONNULL = YES;
				CLANG_ANALYZER_NUMBER_OBJECT_CONVERSION = YES_AGGRESSIVE;
				CLANG_CXX_LANGUAGE_STANDARD = "gnu++20";
				CLANG_ENABLE_MODULES = YES;
				CLANG_ENABLE_OBJC_ARC = YES;
				CLANG_ENABLE_OBJC_WEAK = YES;
				CLANG_WARN_BLOCK_CAPTURE_AUTORELEASING = YES;
				CLANG_WARN_BOOL_CONVERSION = YES;
				CLANG_WARN_COMMA = YES;
				CLANG_WARN_CONSTANT_CONVERSION = YES;
				CLANG_WARN_DEPRECATED_OBJC_IMPLEMENTATIONS = YES;
				CLANG_WARN_DIRECT_OBJC_ISA_USAGE = YES_ERROR;
				CLANG_WARN_DOCUMENTATION_COMMENTS = YES;
				CLANG_WARN_EMPTY_BODY = YES;
				CLANG_WARN_ENUM_CONVERSION = YES;
				CLANG_WARN_INFINITE_RECURSION = YES;
				CLANG_WARN_INT_CONVERSION = YES;
				CLANG_WARN_NON_LITERAL_NULL_CONVERSION = YES;
				CLANG_WARN_OBJC_IMPLICIT_RETAIN_SELF = YES;
				CLANG_WARN_OBJC_LITERAL_CONVERSION = YES;
				CLANG_WARN_OBJC_ROOT_CLASS = YES_ERROR;
				CLANG_WARN_QUOTED_INCLUDE_IN_FRAMEWORK_HEADER = YES;
				CLANG_WARN_RANGE_LOOP_ANALYSIS = YES;
				CLANG_WARN_STRICT_PROTOTYPES = YES;
				CLANG_WARN_SUSPICIOUS_MOVE = YES;
				CLANG_WARN_UNGUARDED_AVAILABILITY = YES_AGGRESSIVE;
				CLANG_WARN_UNREACHABLE_CODE = YES;
				CLANG_WARN__DUPLICATE_METHOD_MATCH = YES;
				COPY_PHASE_STRIP = NO;
				DEBUG_INFORMATION_FORMAT = dwarf;
				ENABLE_STRICT_OBJC_MSGSEND = YES;
				ENABLE_TESTABILITY = YES;
				ENABLE_USER_SCRIPT_SANDBOXING = YES;
				GCC_C_LANGUAGE_STANDARD = gnu17;
				GCC_DYNAMIC_NO_PIC = NO;
				GCC_NO_COMMON_BLOCKS = YES;
				GCC_OPTIMIZATION_LEVEL = 0;
				GCC_PREPROCESSOR_DEFINITIONS = (
					"DEBUG=1",
					"$(inherited)",
				);
				GCC_WARN_64_TO_32_BIT_CONVERSION = YES;
				GCC_WARN_ABOUT_RETURN_TYPE = YES_ERROR;
				GCC_WARN_UNDECLARED_SELECTOR = YES;
				GCC_WARN_UNINITIALIZED_AUTOS = YES_AGGRESSIVE;
				GCC_WARN_UNUSED_FUNCTION = YES;
				GCC_WARN_UNUSED_VARIABLE = YES;
				IPHONEOS_DEPLOYMENT_TARGET = 18.1;
				LOCALIZATION_PREFERS_STRING_CATALOGS = YES;
				MTL_ENABLE_DEBUG_INFO = INCLUDE_SOURCE;
				MTL_FAST_MATH = YES;
				ONLY_ACTIVE_ARCH = YES;
				SDKROOT = iphoneos;
				SWIFT_ACTIVE_COMPILATION_CONDITIONS = "DEBUG $(inherited)";
				SWIFT_OPTIMIZATION_LEVEL = "-Onone";
			};
			name = Debug;
		};
		D5EA7DB02CFE8CCA003465CE /* Release */ = {
			isa = XCBuildConfiguration;
			buildSettings = {
				ALWAYS_SEARCH_USER_PATHS = NO;
				ASSETCATALOG_COMPILER_GENERATE_SWIFT_ASSET_SYMBOL_EXTENSIONS = YES;
				CLANG_ANALYZER_NONNULL = YES;
				CLANG_ANALYZER_NUMBER_OBJECT_CONVERSION = YES_AGGRESSIVE;
				CLANG_CXX_LANGUAGE_STANDARD = "gnu++20";
				CLANG_ENABLE_MODULES = YES;
				CLANG_ENABLE_OBJC_ARC = YES;
				CLANG_ENABLE_OBJC_WEAK = YES;
				CLANG_WARN_BLOCK_CAPTURE_AUTORELEASING = YES;
				CLANG_WARN_BOOL_CONVERSION = YES;
				CLANG_WARN_COMMA = YES;
				CLANG_WARN_CONSTANT_CONVERSION = YES;
				CLANG_WARN_DEPRECATED_OBJC_IMPLEMENTATIONS = YES;
				CLANG_WARN_DIRECT_OBJC_ISA_USAGE = YES_ERROR;
				CLANG_WARN_DOCUMENTATION_COMMENTS = YES;
				CLANG_WARN_EMPTY_BODY = YES;
				CLANG_WARN_ENUM_CONVERSION = YES;
				CLANG_WARN_INFINITE_RECURSION = YES;
				CLANG_WARN_INT_CONVERSION = YES;
				CLANG_WARN_NON_LITERAL_NULL_CONVERSION = YES;
				CLANG_WARN_OBJC_IMPLICIT_RETAIN_SELF = YES;
				CLANG_WARN_OBJC_LITERAL_CONVERSION = YES;
				CLANG_WARN_OBJC_ROOT_CLASS = YES_ERROR;
				CLANG_WARN_QUOTED_INCLUDE_IN_FRAMEWORK_HEADER = YES;
				CLANG_WARN_RANGE_LOOP_ANALYSIS = YES;
				CLANG_WARN_STRICT_PROTOTYPES = YES;
				CLANG_WARN_SUSPICIOUS_MOVE = YES;
				CLANG_WARN_UNGUARDED_AVAILABILITY = YES_AGGRESSIVE;
				CLANG_WARN_UNREACHABLE_CODE = YES;
				CLANG_WARN__DUPLICATE_METHOD_MATCH = YES;
				COPY_PHASE_STRIP = NO;
				DEBUG_INFORMATION_FORMAT = "dwarf-with-dsym";
				ENABLE_NS_ASSERTIONS = NO;
				ENABLE_STRICT_OBJC_MSGSEND = YES;
				ENABLE_USER_SCRIPT_SANDBOXING = YES;
				GCC_C_LANGUAGE_STANDARD = gnu17;
				GCC_NO_COMMON_BLOCKS = YES;
				GCC_WARN_64_TO_32_BIT_CONVERSION = YES;
				GCC_WARN_ABOUT_RETURN_TYPE = YES_ERROR;
				GCC_WARN_UNDECLARED_SELECTOR = YES;
				GCC_WARN_UNINITIALIZED_AUTOS = YES_AGGRESSIVE;
				GCC_WARN_UNUSED_FUNCTION = YES;
				GCC_WARN_UNUSED_VARIABLE = YES;
				IPHONEOS_DEPLOYMENT_TARGET = 18.1;
				LOCALIZATION_PREFERS_STRING_CATALOGS = YES;
				MTL_ENABLE_DEBUG_INFO = NO;
				MTL_FAST_MATH = YES;
				SDKROOT = iphoneos;
				SWIFT_COMPILATION_MODE = wholemodule;
				VALIDATE_PRODUCT = YES;
			};
			name = Release;
		};
		D5EA7DB22CFE8CCA003465CE /* Debug */ = {
			isa = XCBuildConfiguration;
			buildSettings = {
				ASSETCATALOG_COMPILER_APPICON_NAME = AppIcon;
				ASSETCATALOG_COMPILER_GLOBAL_ACCENT_COLOR_NAME = AccentColor;
				CODE_SIGN_STYLE = Automatic;
				CURRENT_PROJECT_VERSION = 1;
				DEVELOPMENT_ASSET_PATHS = "\"DecoderThing/Preview Content\"";
				ENABLE_PREVIEWS = YES;
				GENERATE_INFOPLIST_FILE = YES;
				INFOPLIST_KEY_UIApplicationSceneManifest_Generation = YES;
				INFOPLIST_KEY_UIApplicationSupportsIndirectInputEvents = YES;
				INFOPLIST_KEY_UILaunchScreen_Generation = YES;
				INFOPLIST_KEY_UISupportedInterfaceOrientations_iPad = "UIInterfaceOrientationPortrait UIInterfaceOrientationPortraitUpsideDown UIInterfaceOrientationLandscapeLeft UIInterfaceOrientationLandscapeRight";
				INFOPLIST_KEY_UISupportedInterfaceOrientations_iPhone = "UIInterfaceOrientationPortrait UIInterfaceOrientationLandscapeLeft UIInterfaceOrientationLandscapeRight";
				LD_RUNPATH_SEARCH_PATHS = (
					"$(inherited)",
					"@executable_path/Frameworks",
				);
				MARKETING_VERSION = 1.0;
				PRODUCT_BUNDLE_IDENTIFIER = com.duncwa.DecodeThing;
				PRODUCT_NAME = "$(TARGET_NAME)";
				SWIFT_EMIT_LOC_STRINGS = YES;
				SWIFT_VERSION = 5.0;
				TARGETED_DEVICE_FAMILY = "1,2";
			};
			name = Debug;
		};
		D5EA7DB32CFE8CCA003465CE /* Release */ = {
			isa = XCBuildConfiguration;
			buildSettings = {
				ASSETCATALOG_COMPILER_APPICON_NAME = AppIcon;
				ASSETCATALOG_COMPILER_GLOBAL_ACCENT_COLOR_NAME = AccentColor;
				CODE_SIGN_STYLE = Automatic;
				CURRENT_PROJECT_VERSION = 1;
				DEVELOPMENT_ASSET_PATHS = "\"DecoderThing/Preview Content\"";
				ENABLE_PREVIEWS = YES;
				GENERATE_INFOPLIST_FILE = YES;
				INFOPLIST_KEY_UIApplicationSceneManifest_Generation = YES;
				INFOPLIST_KEY_UIApplicationSupportsIndirectInputEvents = YES;
				INFOPLIST_KEY_UILaunchScreen_Generation = YES;
				INFOPLIST_KEY_UISupportedInterfaceOrientations_iPad = "UIInterfaceOrientationPortrait UIInterfaceOrientationPortraitUpsideDown UIInterfaceOrientationLandscapeLeft UIInterfaceOrientationLandscapeRight";
				INFOPLIST_KEY_UISupportedInterfaceOrientations_iPhone = "UIInterfaceOrientationPortrait UIInterfaceOrientationLandscapeLeft UIInterfaceOrientationLandscapeRight";
				LD_RUNPATH_SEARCH_PATHS = (
					"$(inherited)",
					"@executable_path/Frameworks",
				);
				MARKETING_VERSION = 1.0;
				PRODUCT_BUNDLE_IDENTIFIER = com.duncwa.DecodeThing;
				PRODUCT_NAME = "$(TARGET_NAME)";
				SWIFT_EMIT_LOC_STRINGS = YES;
				SWIFT_VERSION = 5.0;
				TARGETED_DEVICE_FAMILY = "1,2";
			};
			name = Release;
		};
		D5EA7DB52CFE8CCA003465CE /* Debug */ = {
			isa = XCBuildConfiguration;
			buildSettings = {
				BUNDLE_LOADER = "$(TEST_HOST)";
				CODE_SIGN_STYLE = Automatic;
				CURRENT_PROJECT_VERSION = 1;
				GENERATE_INFOPLIST_FILE = YES;
				IPHONEOS_DEPLOYMENT_TARGET = 18.1;
				MARKETING_VERSION = 1.0;
				PRODUCT_BUNDLE_IDENTIFIER = com.duncwa.DecodeThingTests;
				PRODUCT_NAME = "$(TARGET_NAME)";
				SWIFT_EMIT_LOC_STRINGS = NO;
				SWIFT_VERSION = 5.0;
				TARGETED_DEVICE_FAMILY = "1,2";
				TEST_HOST = "$(BUILT_PRODUCTS_DIR)/DecoderThing.app/$(BUNDLE_EXECUTABLE_FOLDER_PATH)/DecoderThing";
			};
			name = Debug;
		};
		D5EA7DB62CFE8CCA003465CE /* Release */ = {
			isa = XCBuildConfiguration;
			buildSettings = {
				BUNDLE_LOADER = "$(TEST_HOST)";
				CODE_SIGN_STYLE = Automatic;
				CURRENT_PROJECT_VERSION = 1;
				GENERATE_INFOPLIST_FILE = YES;
				IPHONEOS_DEPLOYMENT_TARGET = 18.1;
				MARKETING_VERSION = 1.0;
				PRODUCT_BUNDLE_IDENTIFIER = com.duncwa.DecodeThingTests;
				PRODUCT_NAME = "$(TARGET_NAME)";
				SWIFT_EMIT_LOC_STRINGS = NO;
				SWIFT_VERSION = 5.0;
				TARGETED_DEVICE_FAMILY = "1,2";
				TEST_HOST = "$(BUILT_PRODUCTS_DIR)/DecoderThing.app/$(BUNDLE_EXECUTABLE_FOLDER_PATH)/DecoderThing";
			};
			name = Release;
		};
		D5EA7DB82CFE8CCA003465CE /* Debug */ = {
			isa = XCBuildConfiguration;
			buildSettings = {
				CODE_SIGN_STYLE = Automatic;
				CURRENT_PROJECT_VERSION = 1;
				GENERATE_INFOPLIST_FILE = YES;
				MARKETING_VERSION = 1.0;
				PRODUCT_BUNDLE_IDENTIFIER = com.duncwa.DecodeThingUITests;
				PRODUCT_NAME = "$(TARGET_NAME)";
				SWIFT_EMIT_LOC_STRINGS = NO;
				SWIFT_VERSION = 5.0;
				TARGETED_DEVICE_FAMILY = "1,2";
				TEST_TARGET_NAME = DecodeThing;
			};
			name = Debug;
		};
		D5EA7DB92CFE8CCA003465CE /* Release */ = {
			isa = XCBuildConfiguration;
			buildSettings = {
				CODE_SIGN_STYLE = Automatic;
				CURRENT_PROJECT_VERSION = 1;
				GENERATE_INFOPLIST_FILE = YES;
				MARKETING_VERSION = 1.0;
				PRODUCT_BUNDLE_IDENTIFIER = com.duncwa.DecodeThingUITests;
				PRODUCT_NAME = "$(TARGET_NAME)";
				SWIFT_EMIT_LOC_STRINGS = NO;
				SWIFT_VERSION = 5.0;
				TARGETED_DEVICE_FAMILY = "1,2";
				TEST_TARGET_NAME = DecodeThing;
			};
			name = Release;
		};
/* End XCBuildConfiguration section */

/* Begin XCConfigurationList section */
		D5EA7D882CFE8CC9003465CE /* Build configuration list for PBXProject "DecoderThing" */ = {
			isa = XCConfigurationList;
			buildConfigurations = (
				D5EA7DAF2CFE8CCA003465CE /* Debug */,
				D5EA7DB02CFE8CCA003465CE /* Release */,
			);
			defaultConfigurationIsVisible = 0;
			defaultConfigurationName = Release;
		};
		D5EA7DB12CFE8CCA003465CE /* Build configuration list for PBXNativeTarget "DecoderThing" */ = {
			isa = XCConfigurationList;
			buildConfigurations = (
				D5EA7DB22CFE8CCA003465CE /* Debug */,
				D5EA7DB32CFE8CCA003465CE /* Release */,
			);
			defaultConfigurationIsVisible = 0;
			defaultConfigurationName = Release;
		};
		D5EA7DB42CFE8CCA003465CE /* Build configuration list for PBXNativeTarget "DecoderThingTests" */ = {
			isa = XCConfigurationList;
			buildConfigurations = (
				D5EA7DB52CFE8CCA003465CE /* Debug */,
				D5EA7DB62CFE8CCA003465CE /* Release */,
			);
			defaultConfigurationIsVisible = 0;
			defaultConfigurationName = Release;
		};
		D5EA7DB72CFE8CCA003465CE /* Build configuration list for PBXNativeTarget "DecoderThingUITests" */ = {
			isa = XCConfigurationList;
			buildConfigurations = (
				D5EA7DB82CFE8CCA003465CE /* Debug */,
				D5EA7DB92CFE8CCA003465CE /* Release */,
			);
			defaultConfigurationIsVisible = 0;
			defaultConfigurationName = Release;
		};
/* End XCConfigurationList section */
	};
	rootObject = D5EA7D852CFE8CC9003465CE /* Project object */;
}
